
Microsoft Visual Studio Solution File, Format Version 12.00
# Visual Studio Version 17
VisualStudioVersion = 17.3.32922.545
MinimumVisualStudioVersion = 10.0.40219.1
Project("{FAE04EC0-301F-11D3-BF4B-00C04F79EFBC}") = "GameStore", "GameStore\GameStore.csproj", "{BB83596F-BA21-4C6E-ABAA-10D2A31946DD}"
EndProject
Global
	GlobalSection(SolutionConfigurationPlatforms) = preSolution
		Debug|Any CPU = Debug|Any CPU
		Release|Any CPU = Release|Any CPU
	EndGlobalSection
	GlobalSection(ProjectConfigurationPlatforms) = postSolution
		{BB83596F-BA21-4C6E-ABAA-10D2A31946DD}.Debug|Any CPU.ActiveCfg = Debug|Any CPU
		{BB83596F-BA21-4C6E-ABAA-10D2A31946DD}.Debug|Any CPU.Build.0 = Debug|Any CPU
		{BB83596F-BA21-4C6E-ABAA-10D2A31946DD}.Release|Any CPU.ActiveCfg = Release|Any CPU
		{BB83596F-BA21-4C6E-ABAA-10D2A31946DD}.Release|Any CPU.Build.0 = Release|Any CPU
	EndGlobalSection
	GlobalSection(SolutionProperties) = preSolution
		HideSolutionNode = FALSE
	EndGlobalSection
	GlobalSection(ExtensibilityGlobals) = postSolution
		SolutionGuid = {D37CFFC0-E218-4CD0-A98D-F664D3DBF4E9}
	EndGlobalSection
EndGlobal
